
Microsoft Visual Studio Solution File, Format Version 12.00
# Visual Studio Version 16
VisualStudioVersion = 16.0.29728.190
MinimumVisualStudioVersion = 10.0.40219.1
Project("{8BC9CEB8-8B4A-11D0-8D11-00A0C91BC942}") = "ModLoader", "ModLoader\ModLoader.vcxproj", "{47A40492-D211-4224-98FC-D9A7CF45F48E}"
EndProject
Project("{2150E333-8FDC-42A3-9474-1A3956D46DE8}") = "Solution Items", "Solution Items", "{0BC2D7B0-0D67-4C80-BAEA-83225B679FC5}"
	ProjectSection(SolutionItems) = preProject
		README.md = README.md
	EndProjectSection
EndProject
Project("{8BC9CEB8-8B4A-11D0-8D11-00A0C91BC942}") = "Base", "Base\Base.vcxproj", "{A95D7607-2068-46F3-921A-6F978219A0D6}"
	ProjectSection(ProjectDependencies) = postProject
		{47A40492-D211-4224-98FC-D9A7CF45F48E} = {47A40492-D211-4224-98FC-D9A7CF45F48E}
	EndProjectSection
EndProject
Project("{2150E333-8FDC-42A3-9474-1A3956D46DE8}") = "Public", "Public", "{34DE3BA4-5739-49D6-B9B7-5DB98A81FD7C}"
	ProjectSection(SolutionItems) = preProject
		Public\hook.h = Public\hook.h
		Public\typestring.h = Public\typestring.h
	EndProjectSection
EndProject
Global
	GlobalSection(SolutionConfigurationPlatforms) = preSolution
		Debug|x64 = Debug|x64
		Release|x64 = Release|x64
	EndGlobalSection
	GlobalSection(ProjectConfigurationPlatforms) = postSolution
		{47A40492-D211-4224-98FC-D9A7CF45F48E}.Debug|x64.ActiveCfg = Debug|x64
		{47A40492-D211-4224-98FC-D9A7CF45F48E}.Debug|x64.Build.0 = Debug|x64
		{47A40492-D211-4224-98FC-D9A7CF45F48E}.Release|x64.ActiveCfg = Release|x64
		{47A40492-D211-4224-98FC-D9A7CF45F48E}.Release|x64.Build.0 = Release|x64
		{A95D7607-2068-46F3-921A-6F978219A0D6}.Debug|x64.ActiveCfg = Debug|x64
		{A95D7607-2068-46F3-921A-6F978219A0D6}.Debug|x64.Build.0 = Debug|x64
		{A95D7607-2068-46F3-921A-6F978219A0D6}.Release|x64.ActiveCfg = Release|x64
		{A95D7607-2068-46F3-921A-6F978219A0D6}.Release|x64.Build.0 = Release|x64
	EndGlobalSection
	GlobalSection(SolutionProperties) = preSolution
		HideSolutionNode = FALSE
	EndGlobalSection
	GlobalSection(ExtensibilityGlobals) = postSolution
		SolutionGuid = {A0849702-8BFF-4839-9C3D-6B4E395CF561}
	EndGlobalSection
EndGlobal
